
Microsoft Visual Studio Solution File, Format Version 12.00
# Visual Studio Express 2013 for Web
VisualStudioVersion = 12.0.30723.0
MinimumVisualStudioVersion = 10.0.40219.1
Project("{FAE04EC0-301F-11D3-BF4B-00C04F79EFBC}") = "TileCook", "TileCook\TileCook.csproj", "{B3E33476-87AD-45B8-8D21-A1E9CD012A33}"
EndProject
Project("{FAE04EC0-301F-11D3-BF4B-00C04F79EFBC}") = "TileCook.Test", "TileCook.Test\TileCook.Test.csproj", "{C5863E73-F914-4097-9219-5DBD24A08FEF}"
EndProject
Project("{FAE04EC0-301F-11D3-BF4B-00C04F79EFBC}") = "TileCook.Models", "TileCook.Models\TileCook.Models.csproj", "{41F9D3F5-65DC-4E8E-B7AA-B5707525D718}"
EndProject
Project("{FAE04EC0-301F-11D3-BF4B-00C04F79EFBC}") = "TileCook.API", "TileCook.API\TileCook.API.csproj", "{3CE72A0E-4A53-416C-8C2F-BAF2FD417F9B}"
EndProject
Project("{FAE04EC0-301F-11D3-BF4B-00C04F79EFBC}") = "TileCook.API.WebHost", "TileCook.API.WebHost\TileCook.API.WebHost.csproj", "{8BEBC5AF-1AA6-4A92-BAA4-C4418F10FFE2}"
EndProject
Project("{FAE04EC0-301F-11D3-BF4B-00C04F79EFBC}") = "TileCook.API.SelfHost", "TileCook.API.SelfHost\TileCook.API.SelfHost.csproj", "{F579F86D-8AE1-43E4-BED9-CF06626A949F}"
EndProject
Global
	GlobalSection(SolutionConfigurationPlatforms) = preSolution
		Debug|x86 = Debug|x86
		Release|x86 = Release|x86
	EndGlobalSection
	GlobalSection(ProjectConfigurationPlatforms) = postSolution
		{B3E33476-87AD-45B8-8D21-A1E9CD012A33}.Debug|x86.ActiveCfg = Debug|x86
		{B3E33476-87AD-45B8-8D21-A1E9CD012A33}.Debug|x86.Build.0 = Debug|x86
		{B3E33476-87AD-45B8-8D21-A1E9CD012A33}.Release|x86.ActiveCfg = Release|x86
		{B3E33476-87AD-45B8-8D21-A1E9CD012A33}.Release|x86.Build.0 = Release|x86
		{C5863E73-F914-4097-9219-5DBD24A08FEF}.Debug|x86.ActiveCfg = Debug|Any CPU
		{C5863E73-F914-4097-9219-5DBD24A08FEF}.Debug|x86.Build.0 = Debug|Any CPU
		{C5863E73-F914-4097-9219-5DBD24A08FEF}.Release|x86.ActiveCfg = Release|Any CPU
		{41F9D3F5-65DC-4E8E-B7AA-B5707525D718}.Debug|x86.ActiveCfg = Debug|Any CPU
		{41F9D3F5-65DC-4E8E-B7AA-B5707525D718}.Debug|x86.Build.0 = Debug|Any CPU
		{41F9D3F5-65DC-4E8E-B7AA-B5707525D718}.Release|x86.ActiveCfg = Release|Any CPU
		{3CE72A0E-4A53-416C-8C2F-BAF2FD417F9B}.Debug|x86.ActiveCfg = Debug|Any CPU
		{3CE72A0E-4A53-416C-8C2F-BAF2FD417F9B}.Debug|x86.Build.0 = Debug|Any CPU
		{3CE72A0E-4A53-416C-8C2F-BAF2FD417F9B}.Release|x86.ActiveCfg = Release|Any CPU
		{8BEBC5AF-1AA6-4A92-BAA4-C4418F10FFE2}.Debug|x86.ActiveCfg = Debug|Any CPU
		{8BEBC5AF-1AA6-4A92-BAA4-C4418F10FFE2}.Debug|x86.Build.0 = Debug|Any CPU
		{8BEBC5AF-1AA6-4A92-BAA4-C4418F10FFE2}.Release|x86.ActiveCfg = Release|Any CPU
		{F579F86D-8AE1-43E4-BED9-CF06626A949F}.Debug|x86.ActiveCfg = Debug|Any CPU
		{F579F86D-8AE1-43E4-BED9-CF06626A949F}.Debug|x86.Build.0 = Debug|Any CPU
		{F579F86D-8AE1-43E4-BED9-CF06626A949F}.Release|x86.ActiveCfg = Release|Any CPU
	EndGlobalSection
	GlobalSection(SolutionProperties) = preSolution
		HideSolutionNode = FALSE
	EndGlobalSection
EndGlobal
